// !$*UTF8*$!
{
	archiveVersion = 1;
	classes = {
	};
	objectVersion = 56;
	objects = {

/* Begin PBXBuildFile section */
		499670502A0F62B20092FD7B /* FirebaseFirestoreSwift in Frameworks */ = {isa = PBXBuildFile; productRef = 4996704F2A0F62B20092FD7B /* FirebaseFirestoreSwift */; };
		499670522A0F73D00092FD7B /* ProfileView.swift in Sources */ = {isa = PBXBuildFile; fileRef = 499670512A0F73D00092FD7B /* ProfileView.swift */; };
		499670542A1069420092FD7B /* Conversation.swift in Sources */ = {isa = PBXBuildFile; fileRef = 499670532A1069420092FD7B /* Conversation.swift */; };
		499670572A106A1D0092FD7B /* DataCache_broken.swift in Sources */ = {isa = PBXBuildFile; fileRef = 499670562A106A1D0092FD7B /* DataCache_broken.swift */; };
		4996705A2A107C170092FD7B /* MessageRow.swift in Sources */ = {isa = PBXBuildFile; fileRef = 499670592A107C170092FD7B /* MessageRow.swift */; };
		4996705C2A107E850092FD7B /* ConversationView.swift in Sources */ = {isa = PBXBuildFile; fileRef = 4996705B2A107E850092FD7B /* ConversationView.swift */; };
		49D6A7B72A0DA43100E237E8 /* Message.swift in Sources */ = {isa = PBXBuildFile; fileRef = 49D6A7B62A0DA43100E237E8 /* Message.swift */; };
		49D6A7BA2A0DFF2800E237E8 /* MessageBubble.swift in Sources */ = {isa = PBXBuildFile; fileRef = 49D6A7B92A0DFF2800E237E8 /* MessageBubble.swift */; };
		49D6A7BC2A0E0B1000E237E8 /* TitleRow.swift in Sources */ = {isa = PBXBuildFile; fileRef = 49D6A7BB2A0E0B1000E237E8 /* TitleRow.swift */; };
		49D6A7C32A0F134400E237E8 /* User.swift in Sources */ = {isa = PBXBuildFile; fileRef = 49D6A7C22A0F134400E237E8 /* User.swift */; };
		49D6A7C62A0F13B000E237E8 /* FirebaseAuth in Frameworks */ = {isa = PBXBuildFile; productRef = 49D6A7C52A0F13B000E237E8 /* FirebaseAuth */; };
		49D6A7CC2A0F14A400E237E8 /* AuthViewModel.swift in Sources */ = {isa = PBXBuildFile; fileRef = 49D6A7CB2A0F14A400E237E8 /* AuthViewModel.swift */; };
		49D6A7CE2A0F16AC00E237E8 /* LoginView.swift in Sources */ = {isa = PBXBuildFile; fileRef = 49D6A7CD2A0F16AC00E237E8 /* LoginView.swift */; };
		49D6A7D02A0F16B900E237E8 /* SignUpView.swift in Sources */ = {isa = PBXBuildFile; fileRef = 49D6A7CF2A0F16B900E237E8 /* SignUpView.swift */; };
		49D6A7D22A0F16C200E237E8 /* InputView.swift in Sources */ = {isa = PBXBuildFile; fileRef = 49D6A7D12A0F16C200E237E8 /* InputView.swift */; };
		49D954132A0D9F3F00EEFCD6 /* ShoupApp.swift in Sources */ = {isa = PBXBuildFile; fileRef = 49D954122A0D9F3F00EEFCD6 /* ShoupApp.swift */; };
		49D954152A0D9F3F00EEFCD6 /* ContentView.swift in Sources */ = {isa = PBXBuildFile; fileRef = 49D954142A0D9F3F00EEFCD6 /* ContentView.swift */; };
		49D954172A0D9F4000EEFCD6 /* Assets.xcassets in Resources */ = {isa = PBXBuildFile; fileRef = 49D954162A0D9F4000EEFCD6 /* Assets.xcassets */; };
		49D9541A2A0D9F4000EEFCD6 /* Preview Assets.xcassets in Resources */ = {isa = PBXBuildFile; fileRef = 49D954192A0D9F4000EEFCD6 /* Preview Assets.xcassets */; };
		49D954242A0D9F4000EEFCD6 /* ShoupTests.swift in Sources */ = {isa = PBXBuildFile; fileRef = 49D954232A0D9F4000EEFCD6 /* ShoupTests.swift */; };
		49D9542E2A0D9F4000EEFCD6 /* ShoupUITests.swift in Sources */ = {isa = PBXBuildFile; fileRef = 49D9542D2A0D9F4000EEFCD6 /* ShoupUITests.swift */; };
		49D954302A0D9F4000EEFCD6 /* ShoupUITestsLaunchTests.swift in Sources */ = {isa = PBXBuildFile; fileRef = 49D9542F2A0D9F4000EEFCD6 /* ShoupUITestsLaunchTests.swift */; };
		49D9543D2A0D9F5B00EEFCD6 /* DetailView.swift in Sources */ = {isa = PBXBuildFile; fileRef = 49D9543C2A0D9F5B00EEFCD6 /* DetailView.swift */; };
		49D9543F2A0D9F6500EEFCD6 /* HomeView.swift in Sources */ = {isa = PBXBuildFile; fileRef = 49D9543E2A0D9F6500EEFCD6 /* HomeView.swift */; };
		49D954412A0D9F7500EEFCD6 /* CircleImage.swift in Sources */ = {isa = PBXBuildFile; fileRef = 49D954402A0D9F7500EEFCD6 /* CircleImage.swift */; };
		49D954432A0D9F7E00EEFCD6 /* PostListView.swift in Sources */ = {isa = PBXBuildFile; fileRef = 49D954422A0D9F7E00EEFCD6 /* PostListView.swift */; };
		49D954452A0D9F8800EEFCD6 /* MessageView.swift in Sources */ = {isa = PBXBuildFile; fileRef = 49D954442A0D9F8800EEFCD6 /* MessageView.swift */; };
		49D954472A0D9FD200EEFCD6 /* SellView.swift in Sources */ = {isa = PBXBuildFile; fileRef = 49D954462A0D9FD200EEFCD6 /* SellView.swift */; };
		49D954492A0D9FDB00EEFCD6 /* NavBar.swift in Sources */ = {isa = PBXBuildFile; fileRef = 49D954482A0D9FDB00EEFCD6 /* NavBar.swift */; };
		49D9544B2A0D9FE400EEFCD6 /* PostCache.swift in Sources */ = {isa = PBXBuildFile; fileRef = 49D9544A2A0D9FE400EEFCD6 /* PostCache.swift */; };
		49D9544D2A0D9FED00EEFCD6 /* Post.swift in Sources */ = {isa = PBXBuildFile; fileRef = 49D9544C2A0D9FED00EEFCD6 /* Post.swift */; };
		49D9544F2A0DA09600EEFCD6 /* GoogleService-Info.plist in Resources */ = {isa = PBXBuildFile; fileRef = 49D9544E2A0DA09600EEFCD6 /* GoogleService-Info.plist */; };
		49D954542A0DA1CF00EEFCD6 /* FirebaseStorage in Frameworks */ = {isa = PBXBuildFile; productRef = 49D954532A0DA1CF00EEFCD6 /* FirebaseStorage */; };
/* End PBXBuildFile section */

/* Begin PBXContainerItemProxy section */
		49D954202A0D9F4000EEFCD6 /* PBXContainerItemProxy */ = {
			isa = PBXContainerItemProxy;
			containerPortal = 49D954072A0D9F3F00EEFCD6 /* Project object */;
			proxyType = 1;
			remoteGlobalIDString = 49D9540E2A0D9F3F00EEFCD6;
			remoteInfo = Shoup;
		};
		49D9542A2A0D9F4000EEFCD6 /* PBXContainerItemProxy */ = {
			isa = PBXContainerItemProxy;
			containerPortal = 49D954072A0D9F3F00EEFCD6 /* Project object */;
			proxyType = 1;
			remoteGlobalIDString = 49D9540E2A0D9F3F00EEFCD6;
			remoteInfo = Shoup;
		};
/* End PBXContainerItemProxy section */

/* Begin PBXFileReference section */
		499670512A0F73D00092FD7B /* ProfileView.swift */ = {isa = PBXFileReference; lastKnownFileType = sourcecode.swift; path = ProfileView.swift; sourceTree = "<group>"; };
		499670532A1069420092FD7B /* Conversation.swift */ = {isa = PBXFileReference; lastKnownFileType = sourcecode.swift; path = Conversation.swift; sourceTree = "<group>"; };
		499670562A106A1D0092FD7B /* DataCache_broken.swift */ = {isa = PBXFileReference; lastKnownFileType = sourcecode.swift; path = DataCache_broken.swift; sourceTree = "<group>"; };
		499670592A107C170092FD7B /* MessageRow.swift */ = {isa = PBXFileReference; lastKnownFileType = sourcecode.swift; path = MessageRow.swift; sourceTree = "<group>"; };
		4996705B2A107E850092FD7B /* ConversationView.swift */ = {isa = PBXFileReference; lastKnownFileType = sourcecode.swift; path = ConversationView.swift; sourceTree = "<group>"; };
		49D6A7B62A0DA43100E237E8 /* Message.swift */ = {isa = PBXFileReference; lastKnownFileType = sourcecode.swift; path = Message.swift; sourceTree = "<group>"; };
		49D6A7B92A0DFF2800E237E8 /* MessageBubble.swift */ = {isa = PBXFileReference; lastKnownFileType = sourcecode.swift; path = MessageBubble.swift; sourceTree = "<group>"; };
		49D6A7BB2A0E0B1000E237E8 /* TitleRow.swift */ = {isa = PBXFileReference; lastKnownFileType = sourcecode.swift; path = TitleRow.swift; sourceTree = "<group>"; };
		49D6A7C22A0F134400E237E8 /* User.swift */ = {isa = PBXFileReference; lastKnownFileType = sourcecode.swift; path = User.swift; sourceTree = "<group>"; };
		49D6A7CB2A0F14A400E237E8 /* AuthViewModel.swift */ = {isa = PBXFileReference; lastKnownFileType = sourcecode.swift; path = AuthViewModel.swift; sourceTree = "<group>"; };
		49D6A7CD2A0F16AC00E237E8 /* LoginView.swift */ = {isa = PBXFileReference; lastKnownFileType = sourcecode.swift; path = LoginView.swift; sourceTree = "<group>"; };
		49D6A7CF2A0F16B900E237E8 /* SignUpView.swift */ = {isa = PBXFileReference; lastKnownFileType = sourcecode.swift; path = SignUpView.swift; sourceTree = "<group>"; };
		49D6A7D12A0F16C200E237E8 /* InputView.swift */ = {isa = PBXFileReference; lastKnownFileType = sourcecode.swift; path = InputView.swift; sourceTree = "<group>"; };
		49D9540F2A0D9F3F00EEFCD6 /* Shoup.app */ = {isa = PBXFileReference; explicitFileType = wrapper.application; includeInIndex = 0; path = Shoup.app; sourceTree = BUILT_PRODUCTS_DIR; };
		49D954122A0D9F3F00EEFCD6 /* ShoupApp.swift */ = {isa = PBXFileReference; lastKnownFileType = sourcecode.swift; path = ShoupApp.swift; sourceTree = "<group>"; };
		49D954142A0D9F3F00EEFCD6 /* ContentView.swift */ = {isa = PBXFileReference; lastKnownFileType = sourcecode.swift; path = ContentView.swift; sourceTree = "<group>"; };
		49D954162A0D9F4000EEFCD6 /* Assets.xcassets */ = {isa = PBXFileReference; lastKnownFileType = folder.assetcatalog; path = Assets.xcassets; sourceTree = "<group>"; };
		49D954192A0D9F4000EEFCD6 /* Preview Assets.xcassets */ = {isa = PBXFileReference; lastKnownFileType = folder.assetcatalog; path = "Preview Assets.xcassets"; sourceTree = "<group>"; };
		49D9541F2A0D9F4000EEFCD6 /* ShoupTests.xctest */ = {isa = PBXFileReference; explicitFileType = wrapper.cfbundle; includeInIndex = 0; path = ShoupTests.xctest; sourceTree = BUILT_PRODUCTS_DIR; };
		49D954232A0D9F4000EEFCD6 /* ShoupTests.swift */ = {isa = PBXFileReference; lastKnownFileType = sourcecode.swift; path = ShoupTests.swift; sourceTree = "<group>"; };
		49D954292A0D9F4000EEFCD6 /* ShoupUITests.xctest */ = {isa = PBXFileReference; explicitFileType = wrapper.cfbundle; includeInIndex = 0; path = ShoupUITests.xctest; sourceTree = BUILT_PRODUCTS_DIR; };
		49D9542D2A0D9F4000EEFCD6 /* ShoupUITests.swift */ = {isa = PBXFileReference; lastKnownFileType = sourcecode.swift; path = ShoupUITests.swift; sourceTree = "<group>"; };
		49D9542F2A0D9F4000EEFCD6 /* ShoupUITestsLaunchTests.swift */ = {isa = PBXFileReference; lastKnownFileType = sourcecode.swift; path = ShoupUITestsLaunchTests.swift; sourceTree = "<group>"; };
		49D9543C2A0D9F5B00EEFCD6 /* DetailView.swift */ = {isa = PBXFileReference; lastKnownFileType = sourcecode.swift; path = DetailView.swift; sourceTree = "<group>"; };
		49D9543E2A0D9F6500EEFCD6 /* HomeView.swift */ = {isa = PBXFileReference; lastKnownFileType = sourcecode.swift; path = HomeView.swift; sourceTree = "<group>"; };
		49D954402A0D9F7500EEFCD6 /* CircleImage.swift */ = {isa = PBXFileReference; lastKnownFileType = sourcecode.swift; path = CircleImage.swift; sourceTree = "<group>"; };
		49D954422A0D9F7E00EEFCD6 /* PostListView.swift */ = {isa = PBXFileReference; lastKnownFileType = sourcecode.swift; path = PostListView.swift; sourceTree = "<group>"; };
		49D954442A0D9F8800EEFCD6 /* MessageView.swift */ = {isa = PBXFileReference; lastKnownFileType = sourcecode.swift; path = MessageView.swift; sourceTree = "<group>"; };
		49D954462A0D9FD200EEFCD6 /* SellView.swift */ = {isa = PBXFileReference; lastKnownFileType = sourcecode.swift; path = SellView.swift; sourceTree = "<group>"; };
		49D954482A0D9FDB00EEFCD6 /* NavBar.swift */ = {isa = PBXFileReference; lastKnownFileType = sourcecode.swift; path = NavBar.swift; sourceTree = "<group>"; };
		49D9544A2A0D9FE400EEFCD6 /* PostCache.swift */ = {isa = PBXFileReference; lastKnownFileType = sourcecode.swift; path = PostCache.swift; sourceTree = "<group>"; };
		49D9544C2A0D9FED00EEFCD6 /* Post.swift */ = {isa = PBXFileReference; lastKnownFileType = sourcecode.swift; path = Post.swift; sourceTree = "<group>"; };
		49D9544E2A0DA09600EEFCD6 /* GoogleService-Info.plist */ = {isa = PBXFileReference; fileEncoding = 4; lastKnownFileType = text.plist.xml; path = "GoogleService-Info.plist"; sourceTree = "<group>"; };
/* End PBXFileReference section */

/* Begin PBXFrameworksBuildPhase section */
		49D9540C2A0D9F3F00EEFCD6 /* Frameworks */ = {
			isa = PBXFrameworksBuildPhase;
			buildActionMask = 2147483647;
			files = (
				49D6A7C62A0F13B000E237E8 /* FirebaseAuth in Frameworks */,
				49D954542A0DA1CF00EEFCD6 /* FirebaseStorage in Frameworks */,
				499670502A0F62B20092FD7B /* FirebaseFirestoreSwift in Frameworks */,
			);
			runOnlyForDeploymentPostprocessing = 0;
		};
		49D9541C2A0D9F4000EEFCD6 /* Frameworks */ = {
			isa = PBXFrameworksBuildPhase;
			buildActionMask = 2147483647;
			files = (
			);
			runOnlyForDeploymentPostprocessing = 0;
		};
		49D954262A0D9F4000EEFCD6 /* Frameworks */ = {
			isa = PBXFrameworksBuildPhase;
			buildActionMask = 2147483647;
			files = (
			);
			runOnlyForDeploymentPostprocessing = 0;
		};
/* End PBXFrameworksBuildPhase section */

/* Begin PBXGroup section */
		499670552A106A050092FD7B /* Testing */ = {
			isa = PBXGroup;
			children = (
				499670562A106A1D0092FD7B /* DataCache_broken.swift */,
			);
			path = Testing;
			sourceTree = "<group>";
		};
		499670582A107BDC0092FD7B /* Messaging */ = {
			isa = PBXGroup;
			children = (
				49D954442A0D9F8800EEFCD6 /* MessageView.swift */,
				49D6A7B92A0DFF2800E237E8 /* MessageBubble.swift */,
				499670592A107C170092FD7B /* MessageRow.swift */,
				4996705B2A107E850092FD7B /* ConversationView.swift */,
			);
			path = Messaging;
			sourceTree = "<group>";
		};
		49D6A7B52A0DA41E00E237E8 /* Views */ = {
			isa = PBXGroup;
			children = (
				49D954402A0D9F7500EEFCD6 /* CircleImage.swift */,
				49D954422A0D9F7E00EEFCD6 /* PostListView.swift */,
				49D954142A0D9F3F00EEFCD6 /* ContentView.swift */,
				49D9543E2A0D9F6500EEFCD6 /* HomeView.swift */,
				49D9543C2A0D9F5B00EEFCD6 /* DetailView.swift */,
				49D954462A0D9FD200EEFCD6 /* SellView.swift */,
				499670512A0F73D00092FD7B /* ProfileView.swift */,
			);
			path = Views;
			sourceTree = "<group>";
		};
		49D6A7B82A0DA44000E237E8 /* Models */ = {
			isa = PBXGroup;
			children = (
				49D9544A2A0D9FE400EEFCD6 /* PostCache.swift */,
				49D9544C2A0D9FED00EEFCD6 /* Post.swift */,
				49D6A7B62A0DA43100E237E8 /* Message.swift */,
				49D6A7BB2A0E0B1000E237E8 /* TitleRow.swift */,
				49D6A7C22A0F134400E237E8 /* User.swift */,
				499670532A1069420092FD7B /* Conversation.swift */,
			);
			path = Models;
			sourceTree = "<group>";
		};
		49D6A7BF2A0F124B00E237E8 /* App */ = {
			isa = PBXGroup;
			children = (
				49D954122A0D9F3F00EEFCD6 /* ShoupApp.swift */,
			);
			path = App;
			sourceTree = "<group>";
		};
		49D6A7C02A0F125300E237E8 /* Components */ = {
			isa = PBXGroup;
			children = (
				49D954482A0D9FDB00EEFCD6 /* NavBar.swift */,
				49D6A7D12A0F16C200E237E8 /* InputView.swift */,
			);
			path = Components;
			sourceTree = "<group>";
		};
		49D6A7C12A0F125D00E237E8 /* Root */ = {
			isa = PBXGroup;
			children = (
			);
			path = Root;
			sourceTree = "<group>";
		};
		49D6A7C42A0F13B000E237E8 /* Frameworks */ = {
			isa = PBXGroup;
			children = (
			);
			name = Frameworks;
			sourceTree = "<group>";
		};
		49D6A7C72A0F140D00E237E8 /* Core */ = {
			isa = PBXGroup;
			children = (
				499670582A107BDC0092FD7B /* Messaging */,
				49D6A7C82A0F146200E237E8 /* Authentication */,
			);
			path = Core;
			sourceTree = "<group>";
		};
		49D6A7C82A0F146200E237E8 /* Authentication */ = {
			isa = PBXGroup;
			children = (
				49D6A7CA2A0F149200E237E8 /* ViewModels */,
				49D6A7C92A0F148C00E237E8 /* Views */,
			);
			path = Authentication;
			sourceTree = "<group>";
		};
		49D6A7C92A0F148C00E237E8 /* Views */ = {
			isa = PBXGroup;
			children = (
				49D6A7CD2A0F16AC00E237E8 /* LoginView.swift */,
				49D6A7CF2A0F16B900E237E8 /* SignUpView.swift */,
			);
			path = Views;
			sourceTree = "<group>";
		};
		49D6A7CA2A0F149200E237E8 /* ViewModels */ = {
			isa = PBXGroup;
			children = (
				49D6A7CB2A0F14A400E237E8 /* AuthViewModel.swift */,
			);
			path = ViewModels;
			sourceTree = "<group>";
		};
		49D954062A0D9F3F00EEFCD6 = {
			isa = PBXGroup;
			children = (
				49D954112A0D9F3F00EEFCD6 /* Shoup */,
				49D954222A0D9F4000EEFCD6 /* ShoupTests */,
				49D9542C2A0D9F4000EEFCD6 /* ShoupUITests */,
				49D954102A0D9F3F00EEFCD6 /* Products */,
				49D6A7C42A0F13B000E237E8 /* Frameworks */,
			);
			sourceTree = "<group>";
		};
		49D954102A0D9F3F00EEFCD6 /* Products */ = {
			isa = PBXGroup;
			children = (
				49D9540F2A0D9F3F00EEFCD6 /* Shoup.app */,
				49D9541F2A0D9F4000EEFCD6 /* ShoupTests.xctest */,
				49D954292A0D9F4000EEFCD6 /* ShoupUITests.xctest */,
			);
			name = Products;
			sourceTree = "<group>";
		};
		49D954112A0D9F3F00EEFCD6 /* Shoup */ = {
			isa = PBXGroup;
			children = (
				499670552A106A050092FD7B /* Testing */,
				49D6A7C72A0F140D00E237E8 /* Core */,
				49D6A7C12A0F125D00E237E8 /* Root */,
				49D6A7C02A0F125300E237E8 /* Components */,
				49D6A7BF2A0F124B00E237E8 /* App */,
				49D6A7B82A0DA44000E237E8 /* Models */,
				49D6A7B52A0DA41E00E237E8 /* Views */,
				49D954162A0D9F4000EEFCD6 /* Assets.xcassets */,
				49D954182A0D9F4000EEFCD6 /* Preview Content */,
				49D9544E2A0DA09600EEFCD6 /* GoogleService-Info.plist */,
			);
			path = Shoup;
			sourceTree = "<group>";
		};
		49D954182A0D9F4000EEFCD6 /* Preview Content */ = {
			isa = PBXGroup;
			children = (
				49D954192A0D9F4000EEFCD6 /* Preview Assets.xcassets */,
			);
			path = "Preview Content";
			sourceTree = "<group>";
		};
		49D954222A0D9F4000EEFCD6 /* ShoupTests */ = {
			isa = PBXGroup;
			children = (
				49D954232A0D9F4000EEFCD6 /* ShoupTests.swift */,
			);
			path = ShoupTests;
			sourceTree = "<group>";
		};
		49D9542C2A0D9F4000EEFCD6 /* ShoupUITests */ = {
			isa = PBXGroup;
			children = (
				49D9542D2A0D9F4000EEFCD6 /* ShoupUITests.swift */,
				49D9542F2A0D9F4000EEFCD6 /* ShoupUITestsLaunchTests.swift */,
			);
			path = ShoupUITests;
			sourceTree = "<group>";
		};
/* End PBXGroup section */

/* Begin PBXNativeTarget section */
		49D9540E2A0D9F3F00EEFCD6 /* Shoup */ = {
			isa = PBXNativeTarget;
			buildConfigurationList = 49D954332A0D9F4000EEFCD6 /* Build configuration list for PBXNativeTarget "Shoup" */;
			buildPhases = (
				49D9540B2A0D9F3F00EEFCD6 /* Sources */,
				49D9540C2A0D9F3F00EEFCD6 /* Frameworks */,
				49D9540D2A0D9F3F00EEFCD6 /* Resources */,
			);
			buildRules = (
			);
			dependencies = (
			);
			name = Shoup;
			packageProductDependencies = (
				49D954532A0DA1CF00EEFCD6 /* FirebaseStorage */,
				49D6A7C52A0F13B000E237E8 /* FirebaseAuth */,
				4996704F2A0F62B20092FD7B /* FirebaseFirestoreSwift */,
			);
			productName = Shoup;
			productReference = 49D9540F2A0D9F3F00EEFCD6 /* Shoup.app */;
			productType = "com.apple.product-type.application";
		};
		49D9541E2A0D9F4000EEFCD6 /* ShoupTests */ = {
			isa = PBXNativeTarget;
			buildConfigurationList = 49D954362A0D9F4000EEFCD6 /* Build configuration list for PBXNativeTarget "ShoupTests" */;
			buildPhases = (
				49D9541B2A0D9F4000EEFCD6 /* Sources */,
				49D9541C2A0D9F4000EEFCD6 /* Frameworks */,
				49D9541D2A0D9F4000EEFCD6 /* Resources */,
			);
			buildRules = (
			);
			dependencies = (
				49D954212A0D9F4000EEFCD6 /* PBXTargetDependency */,
			);
			name = ShoupTests;
			productName = ShoupTests;
			productReference = 49D9541F2A0D9F4000EEFCD6 /* ShoupTests.xctest */;
			productType = "com.apple.product-type.bundle.unit-test";
		};
		49D954282A0D9F4000EEFCD6 /* ShoupUITests */ = {
			isa = PBXNativeTarget;
			buildConfigurationList = 49D954392A0D9F4000EEFCD6 /* Build configuration list for PBXNativeTarget "ShoupUITests" */;
			buildPhases = (
				49D954252A0D9F4000EEFCD6 /* Sources */,
				49D954262A0D9F4000EEFCD6 /* Frameworks */,
				49D954272A0D9F4000EEFCD6 /* Resources */,
			);
			buildRules = (
			);
			dependencies = (
				49D9542B2A0D9F4000EEFCD6 /* PBXTargetDependency */,
			);
			name = ShoupUITests;
			productName = ShoupUITests;
			productReference = 49D954292A0D9F4000EEFCD6 /* ShoupUITests.xctest */;
			productType = "com.apple.product-type.bundle.ui-testing";
		};
/* End PBXNativeTarget section */

/* Begin PBXProject section */
		49D954072A0D9F3F00EEFCD6 /* Project object */ = {
			isa = PBXProject;
			attributes = {
				BuildIndependentTargetsInParallel = 1;
				LastSwiftUpdateCheck = 1430;
				LastUpgradeCheck = 1430;
				TargetAttributes = {
					49D9540E2A0D9F3F00EEFCD6 = {
						CreatedOnToolsVersion = 14.3;
					};
					49D9541E2A0D9F4000EEFCD6 = {
						CreatedOnToolsVersion = 14.3;
						TestTargetID = 49D9540E2A0D9F3F00EEFCD6;
					};
					49D954282A0D9F4000EEFCD6 = {
						CreatedOnToolsVersion = 14.3;
						TestTargetID = 49D9540E2A0D9F3F00EEFCD6;
					};
				};
			};
			buildConfigurationList = 49D9540A2A0D9F3F00EEFCD6 /* Build configuration list for PBXProject "Shoup" */;
			compatibilityVersion = "Xcode 14.0";
			developmentRegion = en;
			hasScannedForEncodings = 0;
			knownRegions = (
				en,
				Base,
			);
			mainGroup = 49D954062A0D9F3F00EEFCD6;
			packageReferences = (
				49D954502A0DA1CF00EEFCD6 /* XCRemoteSwiftPackageReference "firebase-ios-sdk" */,
			);
			productRefGroup = 49D954102A0D9F3F00EEFCD6 /* Products */;
			projectDirPath = "";
			projectRoot = "";
			targets = (
				49D9540E2A0D9F3F00EEFCD6 /* Shoup */,
				49D9541E2A0D9F4000EEFCD6 /* ShoupTests */,
				49D954282A0D9F4000EEFCD6 /* ShoupUITests */,
			);
		};
/* End PBXProject section */

/* Begin PBXResourcesBuildPhase section */
		49D9540D2A0D9F3F00EEFCD6 /* Resources */ = {
			isa = PBXResourcesBuildPhase;
			buildActionMask = 2147483647;
			files = (
				49D9541A2A0D9F4000EEFCD6 /* Preview Assets.xcassets in Resources */,
				49D954172A0D9F4000EEFCD6 /* Assets.xcassets in Resources */,
				49D9544F2A0DA09600EEFCD6 /* GoogleService-Info.plist in Resources */,
			);
			runOnlyForDeploymentPostprocessing = 0;
		};
		49D9541D2A0D9F4000EEFCD6 /* Resources */ = {
			isa = PBXResourcesBuildPhase;
			buildActionMask = 2147483647;
			files = (
			);
			runOnlyForDeploymentPostprocessing = 0;
		};
		49D954272A0D9F4000EEFCD6 /* Resources */ = {
			isa = PBXResourcesBuildPhase;
			buildActionMask = 2147483647;
			files = (
			);
			runOnlyForDeploymentPostprocessing = 0;
		};
/* End PBXResourcesBuildPhase section */

/* Begin PBXSourcesBuildPhase section */
		49D9540B2A0D9F3F00EEFCD6 /* Sources */ = {
			isa = PBXSourcesBuildPhase;
			buildActionMask = 2147483647;
			files = (
				49D954152A0D9F3F00EEFCD6 /* ContentView.swift in Sources */,
				49D9544D2A0D9FED00EEFCD6 /* Post.swift in Sources */,
				49D9543F2A0D9F6500EEFCD6 /* HomeView.swift in Sources */,
				49D6A7C32A0F134400E237E8 /* User.swift in Sources */,
				49D6A7D02A0F16B900E237E8 /* SignUpView.swift in Sources */,
				49D6A7BC2A0E0B1000E237E8 /* TitleRow.swift in Sources */,
				49D9544B2A0D9FE400EEFCD6 /* PostCache.swift in Sources */,
				4996705A2A107C170092FD7B /* MessageRow.swift in Sources */,
				49D6A7CC2A0F14A400E237E8 /* AuthViewModel.swift in Sources */,
				49D954492A0D9FDB00EEFCD6 /* NavBar.swift in Sources */,
				49D9543D2A0D9F5B00EEFCD6 /* DetailView.swift in Sources */,
				49D6A7BA2A0DFF2800E237E8 /* MessageBubble.swift in Sources */,
				49D954132A0D9F3F00EEFCD6 /* ShoupApp.swift in Sources */,
				499670572A106A1D0092FD7B /* DataCache_broken.swift in Sources */,
				49D6A7CE2A0F16AC00E237E8 /* LoginView.swift in Sources */,
				49D954472A0D9FD200EEFCD6 /* SellView.swift in Sources */,
				49D954432A0D9F7E00EEFCD6 /* PostListView.swift in Sources */,
				499670542A1069420092FD7B /* Conversation.swift in Sources */,
				4996705C2A107E850092FD7B /* ConversationView.swift in Sources */,
				49D6A7B72A0DA43100E237E8 /* Message.swift in Sources */,
				49D6A7D22A0F16C200E237E8 /* InputView.swift in Sources */,
				49D954452A0D9F8800EEFCD6 /* MessageView.swift in Sources */,
				499670522A0F73D00092FD7B /* ProfileView.swift in Sources */,
				49D954412A0D9F7500EEFCD6 /* CircleImage.swift in Sources */,
			);
			runOnlyForDeploymentPostprocessing = 0;
		};
		49D9541B2A0D9F4000EEFCD6 /* Sources */ = {
			isa = PBXSourcesBuildPhase;
			buildActionMask = 2147483647;
			files = (
				49D954242A0D9F4000EEFCD6 /* ShoupTests.swift in Sources */,
			);
			runOnlyForDeploymentPostprocessing = 0;
		};
		49D954252A0D9F4000EEFCD6 /* Sources */ = {
			isa = PBXSourcesBuildPhase;
			buildActionMask = 2147483647;
			files = (
				49D954302A0D9F4000EEFCD6 /* ShoupUITestsLaunchTests.swift in Sources */,
				49D9542E2A0D9F4000EEFCD6 /* ShoupUITests.swift in Sources */,
			);
			runOnlyForDeploymentPostprocessing = 0;
		};
/* End PBXSourcesBuildPhase section */

/* Begin PBXTargetDependency section */
		49D954212A0D9F4000EEFCD6 /* PBXTargetDependency */ = {
			isa = PBXTargetDependency;
			target = 49D9540E2A0D9F3F00EEFCD6 /* Shoup */;
			targetProxy = 49D954202A0D9F4000EEFCD6 /* PBXContainerItemProxy */;
		};
		49D9542B2A0D9F4000EEFCD6 /* PBXTargetDependency */ = {
			isa = PBXTargetDependency;
			target = 49D9540E2A0D9F3F00EEFCD6 /* Shoup */;
			targetProxy = 49D9542A2A0D9F4000EEFCD6 /* PBXContainerItemProxy */;
		};
/* End PBXTargetDependency section */

/* Begin XCBuildConfiguration section */
		49D954312A0D9F4000EEFCD6 /* Debug */ = {
			isa = XCBuildConfiguration;
			buildSettings = {
				ALWAYS_SEARCH_USER_PATHS = NO;
				CLANG_ANALYZER_NONNULL = YES;
				CLANG_ANALYZER_NUMBER_OBJECT_CONVERSION = YES_AGGRESSIVE;
				CLANG_CXX_LANGUAGE_STANDARD = "gnu++20";
				CLANG_ENABLE_MODULES = YES;
				CLANG_ENABLE_OBJC_ARC = YES;
				CLANG_ENABLE_OBJC_WEAK = YES;
				CLANG_WARN_BLOCK_CAPTURE_AUTORELEASING = YES;
				CLANG_WARN_BOOL_CONVERSION = YES;
				CLANG_WARN_COMMA = YES;
				CLANG_WARN_CONSTANT_CONVERSION = YES;
				CLANG_WARN_DEPRECATED_OBJC_IMPLEMENTATIONS = YES;
				CLANG_WARN_DIRECT_OBJC_ISA_USAGE = YES_ERROR;
				CLANG_WARN_DOCUMENTATION_COMMENTS = YES;
				CLANG_WARN_EMPTY_BODY = YES;
				CLANG_WARN_ENUM_CONVERSION = YES;
				CLANG_WARN_INFINITE_RECURSION = YES;
				CLANG_WARN_INT_CONVERSION = YES;
				CLANG_WARN_NON_LITERAL_NULL_CONVERSION = YES;
				CLANG_WARN_OBJC_IMPLICIT_RETAIN_SELF = YES;
				CLANG_WARN_OBJC_LITERAL_CONVERSION = YES;
				CLANG_WARN_OBJC_ROOT_CLASS = YES_ERROR;
				CLANG_WARN_QUOTED_INCLUDE_IN_FRAMEWORK_HEADER = YES;
				CLANG_WARN_RANGE_LOOP_ANALYSIS = YES;
				CLANG_WARN_STRICT_PROTOTYPES = YES;
				CLANG_WARN_SUSPICIOUS_MOVE = YES;
				CLANG_WARN_UNGUARDED_AVAILABILITY = YES_AGGRESSIVE;
				CLANG_WARN_UNREACHABLE_CODE = YES;
				CLANG_WARN__DUPLICATE_METHOD_MATCH = YES;
				COPY_PHASE_STRIP = NO;
				DEBUG_INFORMATION_FORMAT = dwarf;
				ENABLE_STRICT_OBJC_MSGSEND = YES;
				ENABLE_TESTABILITY = YES;
				GCC_C_LANGUAGE_STANDARD = gnu11;
				GCC_DYNAMIC_NO_PIC = NO;
				GCC_NO_COMMON_BLOCKS = YES;
				GCC_OPTIMIZATION_LEVEL = 0;
				GCC_PREPROCESSOR_DEFINITIONS = (
					"DEBUG=1",
					"$(inherited)",
				);
				GCC_WARN_64_TO_32_BIT_CONVERSION = YES;
				GCC_WARN_ABOUT_RETURN_TYPE = YES_ERROR;
				GCC_WARN_UNDECLARED_SELECTOR = YES;
				GCC_WARN_UNINITIALIZED_AUTOS = YES_AGGRESSIVE;
				GCC_WARN_UNUSED_FUNCTION = YES;
				GCC_WARN_UNUSED_VARIABLE = YES;
				IPHONEOS_DEPLOYMENT_TARGET = 16.4;
				MTL_ENABLE_DEBUG_INFO = INCLUDE_SOURCE;
				MTL_FAST_MATH = YES;
				ONLY_ACTIVE_ARCH = YES;
				SDKROOT = iphoneos;
				SWIFT_ACTIVE_COMPILATION_CONDITIONS = DEBUG;
				SWIFT_OPTIMIZATION_LEVEL = "-Onone";
			};
			name = Debug;
		};
		49D954322A0D9F4000EEFCD6 /* Release */ = {
			isa = XCBuildConfiguration;
			buildSettings = {
				ALWAYS_SEARCH_USER_PATHS = NO;
				CLANG_ANALYZER_NONNULL = YES;
				CLANG_ANALYZER_NUMBER_OBJECT_CONVERSION = YES_AGGRESSIVE;
				CLANG_CXX_LANGUAGE_STANDARD = "gnu++20";
				CLANG_ENABLE_MODULES = YES;
				CLANG_ENABLE_OBJC_ARC = YES;
				CLANG_ENABLE_OBJC_WEAK = YES;
				CLANG_WARN_BLOCK_CAPTURE_AUTORELEASING = YES;
				CLANG_WARN_BOOL_CONVERSION = YES;
				CLANG_WARN_COMMA = YES;
				CLANG_WARN_CONSTANT_CONVERSION = YES;
				CLANG_WARN_DEPRECATED_OBJC_IMPLEMENTATIONS = YES;
				CLANG_WARN_DIRECT_OBJC_ISA_USAGE = YES_ERROR;
				CLANG_WARN_DOCUMENTATION_COMMENTS = YES;
				CLANG_WARN_EMPTY_BODY = YES;
				CLANG_WARN_ENUM_CONVERSION = YES;
				CLANG_WARN_INFINITE_RECURSION = YES;
				CLANG_WARN_INT_CONVERSION = YES;
				CLANG_WARN_NON_LITERAL_NULL_CONVERSION = YES;
				CLANG_WARN_OBJC_IMPLICIT_RETAIN_SELF = YES;
				CLANG_WARN_OBJC_LITERAL_CONVERSION = YES;
				CLANG_WARN_OBJC_ROOT_CLASS = YES_ERROR;
				CLANG_WARN_QUOTED_INCLUDE_IN_FRAMEWORK_HEADER = YES;
				CLANG_WARN_RANGE_LOOP_ANALYSIS = YES;
				CLANG_WARN_STRICT_PROTOTYPES = YES;
				CLANG_WARN_SUSPICIOUS_MOVE = YES;
				CLANG_WARN_UNGUARDED_AVAILABILITY = YES_AGGRESSIVE;
				CLANG_WARN_UNREACHABLE_CODE = YES;
				CLANG_WARN__DUPLICATE_METHOD_MATCH = YES;
				COPY_PHASE_STRIP = NO;
				DEBUG_INFORMATION_FORMAT = "dwarf-with-dsym";
				ENABLE_NS_ASSERTIONS = NO;
				ENABLE_STRICT_OBJC_MSGSEND = YES;
				GCC_C_LANGUAGE_STANDARD = gnu11;
				GCC_NO_COMMON_BLOCKS = YES;
				GCC_WARN_64_TO_32_BIT_CONVERSION = YES;
				GCC_WARN_ABOUT_RETURN_TYPE = YES_ERROR;
				GCC_WARN_UNDECLARED_SELECTOR = YES;
				GCC_WARN_UNINITIALIZED_AUTOS = YES_AGGRESSIVE;
				GCC_WARN_UNUSED_FUNCTION = YES;
				GCC_WARN_UNUSED_VARIABLE = YES;
				IPHONEOS_DEPLOYMENT_TARGET = 16.4;
				MTL_ENABLE_DEBUG_INFO = NO;
				MTL_FAST_MATH = YES;
				SDKROOT = iphoneos;
				SWIFT_COMPILATION_MODE = wholemodule;
				SWIFT_OPTIMIZATION_LEVEL = "-O";
				VALIDATE_PRODUCT = YES;
			};
			name = Release;
		};
		49D954342A0D9F4000EEFCD6 /* Debug */ = {
			isa = XCBuildConfiguration;
			buildSettings = {
				ASSETCATALOG_COMPILER_APPICON_NAME = AppIcon;
				ASSETCATALOG_COMPILER_GLOBAL_ACCENT_COLOR_NAME = AccentColor;
				CODE_SIGN_STYLE = Automatic;
				CURRENT_PROJECT_VERSION = 1;
				DEVELOPMENT_ASSET_PATHS = "\"Shoup/Preview Content\"";
				DEVELOPMENT_TEAM = N92555JTB5;
				ENABLE_PREVIEWS = YES;
				GENERATE_INFOPLIST_FILE = YES;
				INFOPLIST_KEY_UIApplicationSceneManifest_Generation = YES;
				INFOPLIST_KEY_UIApplicationSupportsIndirectInputEvents = YES;
				INFOPLIST_KEY_UILaunchScreen_Generation = YES;
				INFOPLIST_KEY_UISupportedInterfaceOrientations_iPad = "UIInterfaceOrientationPortrait UIInterfaceOrientationPortraitUpsideDown UIInterfaceOrientationLandscapeLeft UIInterfaceOrientationLandscapeRight";
				INFOPLIST_KEY_UISupportedInterfaceOrientations_iPhone = "UIInterfaceOrientationPortrait UIInterfaceOrientationLandscapeLeft UIInterfaceOrientationLandscapeRight";
				IPHONEOS_DEPLOYMENT_TARGET = 16.1;
				LD_RUNPATH_SEARCH_PATHS = (
					"$(inherited)",
					"@executable_path/Frameworks",
				);
				MARKETING_VERSION = 1.0;
				PRODUCT_BUNDLE_IDENTIFIER = com.shoup.Shoup;
				PRODUCT_NAME = "$(TARGET_NAME)";
				SWIFT_EMIT_LOC_STRINGS = YES;
				SWIFT_VERSION = 5.0;
				TARGETED_DEVICE_FAMILY = "1,2";
			};
			name = Debug;
		};
		49D954352A0D9F4000EEFCD6 /* Release */ = {
			isa = XCBuildConfiguration;
			buildSettings = {
				ASSETCATALOG_COMPILER_APPICON_NAME = AppIcon;
				ASSETCATALOG_COMPILER_GLOBAL_ACCENT_COLOR_NAME = AccentColor;
				CODE_SIGN_STYLE = Automatic;
				CURRENT_PROJECT_VERSION = 1;
				DEVELOPMENT_ASSET_PATHS = "\"Shoup/Preview Content\"";
				DEVELOPMENT_TEAM = N92555JTB5;
				ENABLE_PREVIEWS = YES;
				GENERATE_INFOPLIST_FILE = YES;
				INFOPLIST_KEY_UIApplicationSceneManifest_Generation = YES;
				INFOPLIST_KEY_UIApplicationSupportsIndirectInputEvents = YES;
				INFOPLIST_KEY_UILaunchScreen_Generation = YES;
				INFOPLIST_KEY_UISupportedInterfaceOrientations_iPad = "UIInterfaceOrientationPortrait UIInterfaceOrientationPortraitUpsideDown UIInterfaceOrientationLandscapeLeft UIInterfaceOrientationLandscapeRight";
				INFOPLIST_KEY_UISupportedInterfaceOrientations_iPhone = "UIInterfaceOrientationPortrait UIInterfaceOrientationLandscapeLeft UIInterfaceOrientationLandscapeRight";
				IPHONEOS_DEPLOYMENT_TARGET = 16.1;
				LD_RUNPATH_SEARCH_PATHS = (
					"$(inherited)",
					"@executable_path/Frameworks",
				);
				MARKETING_VERSION = 1.0;
				PRODUCT_BUNDLE_IDENTIFIER = com.shoup.Shoup;
				PRODUCT_NAME = "$(TARGET_NAME)";
				SWIFT_EMIT_LOC_STRINGS = YES;
				SWIFT_VERSION = 5.0;
				TARGETED_DEVICE_FAMILY = "1,2";
			};
			name = Release;
		};
		49D954372A0D9F4000EEFCD6 /* Debug */ = {
			isa = XCBuildConfiguration;
			buildSettings = {
				ALWAYS_EMBED_SWIFT_STANDARD_LIBRARIES = YES;
				BUNDLE_LOADER = "$(TEST_HOST)";
				CODE_SIGN_STYLE = Automatic;
				CURRENT_PROJECT_VERSION = 1;
				GENERATE_INFOPLIST_FILE = YES;
				IPHONEOS_DEPLOYMENT_TARGET = 16.4;
				MARKETING_VERSION = 1.0;
				PRODUCT_BUNDLE_IDENTIFIER = com.shoup.ShoupTests;
				PRODUCT_NAME = "$(TARGET_NAME)";
				SWIFT_EMIT_LOC_STRINGS = NO;
				SWIFT_VERSION = 5.0;
				TARGETED_DEVICE_FAMILY = "1,2";
				TEST_HOST = "$(BUILT_PRODUCTS_DIR)/Shoup.app/$(BUNDLE_EXECUTABLE_FOLDER_PATH)/Shoup";
			};
			name = Debug;
		};
		49D954382A0D9F4000EEFCD6 /* Release */ = {
			isa = XCBuildConfiguration;
			buildSettings = {
				ALWAYS_EMBED_SWIFT_STANDARD_LIBRARIES = YES;
				BUNDLE_LOADER = "$(TEST_HOST)";
				CODE_SIGN_STYLE = Automatic;
				CURRENT_PROJECT_VERSION = 1;
				GENERATE_INFOPLIST_FILE = YES;
				IPHONEOS_DEPLOYMENT_TARGET = 16.4;
				MARKETING_VERSION = 1.0;
				PRODUCT_BUNDLE_IDENTIFIER = com.shoup.ShoupTests;
				PRODUCT_NAME = "$(TARGET_NAME)";
				SWIFT_EMIT_LOC_STRINGS = NO;
				SWIFT_VERSION = 5.0;
				TARGETED_DEVICE_FAMILY = "1,2";
				TEST_HOST = "$(BUILT_PRODUCTS_DIR)/Shoup.app/$(BUNDLE_EXECUTABLE_FOLDER_PATH)/Shoup";
			};
			name = Release;
		};
		49D9543A2A0D9F4000EEFCD6 /* Debug */ = {
			isa = XCBuildConfiguration;
			buildSettings = {
				ALWAYS_EMBED_SWIFT_STANDARD_LIBRARIES = YES;
				CODE_SIGN_STYLE = Automatic;
				CURRENT_PROJECT_VERSION = 1;
				GENERATE_INFOPLIST_FILE = YES;
				MARKETING_VERSION = 1.0;
				PRODUCT_BUNDLE_IDENTIFIER = com.shoup.ShoupUITests;
				PRODUCT_NAME = "$(TARGET_NAME)";
				SWIFT_EMIT_LOC_STRINGS = NO;
				SWIFT_VERSION = 5.0;
				TARGETED_DEVICE_FAMILY = "1,2";
				TEST_TARGET_NAME = Shoup;
			};
			name = Debug;
		};
		49D9543B2A0D9F4000EEFCD6 /* Release */ = {
			isa = XCBuildConfiguration;
			buildSettings = {
				ALWAYS_EMBED_SWIFT_STANDARD_LIBRARIES = YES;
				CODE_SIGN_STYLE = Automatic;
				CURRENT_PROJECT_VERSION = 1;
				GENERATE_INFOPLIST_FILE = YES;
				MARKETING_VERSION = 1.0;
				PRODUCT_BUNDLE_IDENTIFIER = com.shoup.ShoupUITests;
				PRODUCT_NAME = "$(TARGET_NAME)";
				SWIFT_EMIT_LOC_STRINGS = NO;
				SWIFT_VERSION = 5.0;
				TARGETED_DEVICE_FAMILY = "1,2";
				TEST_TARGET_NAME = Shoup;
			};
			name = Release;
		};
/* End XCBuildConfiguration section */

/* Begin XCConfigurationList section */
		49D9540A2A0D9F3F00EEFCD6 /* Build configuration list for PBXProject "Shoup" */ = {
			isa = XCConfigurationList;
			buildConfigurations = (
				49D954312A0D9F4000EEFCD6 /* Debug */,
				49D954322A0D9F4000EEFCD6 /* Release */,
			);
			defaultConfigurationIsVisible = 0;
			defaultConfigurationName = Release;
		};
		49D954332A0D9F4000EEFCD6 /* Build configuration list for PBXNativeTarget "Shoup" */ = {
			isa = XCConfigurationList;
			buildConfigurations = (
				49D954342A0D9F4000EEFCD6 /* Debug */,
				49D954352A0D9F4000EEFCD6 /* Release */,
			);
			defaultConfigurationIsVisible = 0;
			defaultConfigurationName = Release;
		};
		49D954362A0D9F4000EEFCD6 /* Build configuration list for PBXNativeTarget "ShoupTests" */ = {
			isa = XCConfigurationList;
			buildConfigurations = (
				49D954372A0D9F4000EEFCD6 /* Debug */,
				49D954382A0D9F4000EEFCD6 /* Release */,
			);
			defaultConfigurationIsVisible = 0;
			defaultConfigurationName = Release;
		};
		49D954392A0D9F4000EEFCD6 /* Build configuration list for PBXNativeTarget "ShoupUITests" */ = {
			isa = XCConfigurationList;
			buildConfigurations = (
				49D9543A2A0D9F4000EEFCD6 /* Debug */,
				49D9543B2A0D9F4000EEFCD6 /* Release */,
			);
			defaultConfigurationIsVisible = 0;
			defaultConfigurationName = Release;
		};
/* End XCConfigurationList section */

/* Begin XCRemoteSwiftPackageReference section */
		49D954502A0DA1CF00EEFCD6 /* XCRemoteSwiftPackageReference "firebase-ios-sdk" */ = {
			isa = XCRemoteSwiftPackageReference;
			repositoryURL = "https://github.com/firebase/firebase-ios-sdk";
			requirement = {
				kind = upToNextMajorVersion;
				minimumVersion = 10.0.0;
			};
		};
/* End XCRemoteSwiftPackageReference section */

/* Begin XCSwiftPackageProductDependency section */
		4996704F2A0F62B20092FD7B /* FirebaseFirestoreSwift */ = {
			isa = XCSwiftPackageProductDependency;
			package = 49D954502A0DA1CF00EEFCD6 /* XCRemoteSwiftPackageReference "firebase-ios-sdk" */;
			productName = FirebaseFirestoreSwift;
		};
		49D6A7C52A0F13B000E237E8 /* FirebaseAuth */ = {
			isa = XCSwiftPackageProductDependency;
			package = 49D954502A0DA1CF00EEFCD6 /* XCRemoteSwiftPackageReference "firebase-ios-sdk" */;
			productName = FirebaseAuth;
		};
		49D954532A0DA1CF00EEFCD6 /* FirebaseStorage */ = {
			isa = XCSwiftPackageProductDependency;
			package = 49D954502A0DA1CF00EEFCD6 /* XCRemoteSwiftPackageReference "firebase-ios-sdk" */;
			productName = FirebaseStorage;
		};
/* End XCSwiftPackageProductDependency section */
	};
	rootObject = 49D954072A0D9F3F00EEFCD6 /* Project object */;
}
